{
  "version": 4,
  "terraform_version": "1.13.3",
  "serial": 7,
  "lineage": "90087dc8-52b6-cf44-3697-2f8385d2cc19",
  "outputs": {
    "network_id": {
      "value": "enpg5obc7r660oqd5hsl",
      "type": "string"
    },
    "service_accounts_created": {
      "value": {
        "k8s_node_sa": "ajehar07bfljdfc4vi7v",
        "k8s_sa": "aje6pfiq6iriun5o3tva"
      },
      "type": [
        "object",
        {
          "k8s_node_sa": "string",
          "k8s_sa": "string"
        }
      ]
    },
    "subnet_id": {
      "value": "e2l5ouc3o2k0mbek2g0j",
      "type": "string"
    }
  },
  "resources": [
    {
      "mode": "managed",
      "type": "yandex_iam_service_account",
      "name": "k8s_node_sa",
      "provider": "provider[\"registry.terraform.io/yandex-cloud/yandex\"]",
      "instances": [
        {
          "schema_version": 0,
          "attributes": {
            "created_at": "2025-09-27T20:00:16Z",
            "description": "Service account for Kubernetes worker nodes (Terraform)",
            "folder_id": "b1g6tdpfgpqprbffhjje",
            "id": "ajehar07bfljdfc4vi7v",
            "name": "k8s-node-sa-tf",
            "timeouts": null
          },
          "sensitive_attributes": [],
          "identity_schema_version": 0,
          "private": "eyJlMmJmYjczMC1lY2FhLTExZTYtOGY4OC0zNDM2M2JjN2M0YzAiOnsiY3JlYXRlIjo2MDAwMDAwMDAwMCwiZGVsZXRlIjo2MDAwMDAwMDAwMCwidXBkYXRlIjo2MDAwMDAwMDAwMH19"
        }
      ]
    },
    {
      "mode": "managed",
      "type": "yandex_iam_service_account",
      "name": "k8s_sa",
      "provider": "provider[\"registry.terraform.io/yandex-cloud/yandex\"]",
      "instances": [
        {
          "schema_version": 0,
          "attributes": {
            "created_at": "2025-09-27T20:00:14Z",
            "description": "Service account for Kubernetes cluster management (Terraform)",
            "folder_id": "b1g6tdpfgpqprbffhjje",
            "id": "aje6pfiq6iriun5o3tva",
            "name": "k8s-cluster-sa-tf",
            "timeouts": null
          },
          "sensitive_attributes": [],
          "identity_schema_version": 0,
          "private": "eyJlMmJmYjczMC1lY2FhLTExZTYtOGY4OC0zNDM2M2JjN2M0YzAiOnsiY3JlYXRlIjo2MDAwMDAwMDAwMCwiZGVsZXRlIjo2MDAwMDAwMDAwMCwidXBkYXRlIjo2MDAwMDAwMDAwMH19"
        }
      ]
    },
    {
      "mode": "managed",
      "type": "yandex_resourcemanager_folder_iam_member",
      "name": "k8s_node_sa_puller",
      "provider": "provider[\"registry.terraform.io/yandex-cloud/yandex\"]",
      "instances": [
        {
          "schema_version": 0,
          "attributes": {
            "folder_id": "b1g6tdpfgpqprbffhjje",
            "member": "serviceAccount:ajehar07bfljdfc4vi7v",
            "role": "container-registry.images.puller",
            "sleep_after": null
          },
          "sensitive_attributes": [],
          "identity_schema_version": 0,
          "dependencies": [
            "yandex_iam_service_account.k8s_node_sa"
          ]
        }
      ]
    },
    {
      "mode": "managed",
      "type": "yandex_resourcemanager_folder_iam_member",
      "name": "k8s_sa_editor",
      "provider": "provider[\"registry.terraform.io/yandex-cloud/yandex\"]",
      "instances": [
        {
          "schema_version": 0,
          "attributes": {
            "folder_id": "b1g6tdpfgpqprbffhjje",
            "member": "serviceAccount:aje6pfiq6iriun5o3tva",
            "role": "editor",
            "sleep_after": null
          },
          "sensitive_attributes": [],
          "identity_schema_version": 0,
          "dependencies": [
            "yandex_iam_service_account.k8s_sa"
          ]
        }
      ]
    },
    {
      "mode": "managed",
      "type": "yandex_vpc_network",
      "name": "momo_network",
      "provider": "provider[\"registry.terraform.io/yandex-cloud/yandex\"]",
      "instances": [
        {
          "schema_version": 0,
          "attributes": {
            "created_at": "2025-09-27T20:00:14Z",
            "default_security_group_id": "enpo9p2tkiq7mjrqu76h",
            "description": "",
            "folder_id": "b1g6tdpfgpqprbffhjje",
            "id": "enpg5obc7r660oqd5hsl",
            "labels": {},
            "name": "momo-store-network-tf",
            "subnet_ids": [],
            "timeouts": null
          },
          "sensitive_attributes": [],
          "identity_schema_version": 0,
          "private": "eyJlMmJmYjczMC1lY2FhLTExZTYtOGY4OC0zNDM2M2JjN2M0YzAiOnsiY3JlYXRlIjo2MDAwMDAwMDAwMCwiZGVsZXRlIjo2MDAwMDAwMDAwMCwidXBkYXRlIjo2MDAwMDAwMDAwMH19"
        }
      ]
    },
    {
      "mode": "managed",
      "type": "yandex_vpc_subnet",
      "name": "momo_subnet",
      "provider": "provider[\"registry.terraform.io/yandex-cloud/yandex\"]",
      "instances": [
        {
          "schema_version": 0,
          "attributes": {
            "created_at": "2025-09-27T20:00:18Z",
            "description": "",
            "dhcp_options": [],
            "folder_id": "b1g6tdpfgpqprbffhjje",
            "id": "e2l5ouc3o2k0mbek2g0j",
            "labels": {},
            "name": "momo-store-subnet-tf",
            "network_id": "enpg5obc7r660oqd5hsl",
            "route_table_id": "",
            "timeouts": null,
            "v4_cidr_blocks": [
              "10.10.0.0/16"
            ],
            "v6_cidr_blocks": [],
            "zone": "ru-central1-b"
          },
          "sensitive_attributes": [],
          "identity_schema_version": 0,
          "private": "eyJlMmJmYjczMC1lY2FhLTExZTYtOGY4OC0zNDM2M2JjN2M0YzAiOnsiY3JlYXRlIjoxODAwMDAwMDAwMDAsImRlbGV0ZSI6MTgwMDAwMDAwMDAwLCJ1cGRhdGUiOjE4MDAwMDAwMDAwMH19",
          "dependencies": [
            "yandex_vpc_network.momo_network"
          ]
        }
      ]
    }
  ],
  "check_results": null
}
